
Microsoft Visual Studio Solution File, Format Version 12.00
# Visual Studio Version 17
VisualStudioVersion = 17.6.33801.468
MinimumVisualStudioVersion = 10.0.40219.1
Project("{FAE04EC0-301F-11D3-BF4B-00C04F79EFBC}") = "Calculate", "Calculate\Calculate.csproj", "{72D70EA1-93AE-4B36-A168-D7D5C3928ACF}"
EndProject
Project("{9A19103F-16F7-4668-BE54-9A1E7A4F7556}") = "Log", "Log\Log.csproj", "{4130522D-F2FF-46BC-BE98-54D8544095EC}"
EndProject
Global
	GlobalSection(SolutionConfigurationPlatforms) = preSolution
		Debug|Any CPU = Debug|Any CPU
		Release|Any CPU = Release|Any CPU
	EndGlobalSection
	GlobalSection(ProjectConfigurationPlatforms) = postSolution
		{72D70EA1-93AE-4B36-A168-D7D5C3928ACF}.Debug|Any CPU.ActiveCfg = Debug|Any CPU
		{72D70EA1-93AE-4B36-A168-D7D5C3928ACF}.Debug|Any CPU.Build.0 = Debug|Any CPU
		{72D70EA1-93AE-4B36-A168-D7D5C3928ACF}.Release|Any CPU.ActiveCfg = Release|Any CPU
		{72D70EA1-93AE-4B36-A168-D7D5C3928ACF}.Release|Any CPU.Build.0 = Release|Any CPU
		{4130522D-F2FF-46BC-BE98-54D8544095EC}.Debug|Any CPU.ActiveCfg = Debug|Any CPU
		{4130522D-F2FF-46BC-BE98-54D8544095EC}.Debug|Any CPU.Build.0 = Debug|Any CPU
		{4130522D-F2FF-46BC-BE98-54D8544095EC}.Release|Any CPU.ActiveCfg = Release|Any CPU
		{4130522D-F2FF-46BC-BE98-54D8544095EC}.Release|Any CPU.Build.0 = Release|Any CPU
	EndGlobalSection
	GlobalSection(SolutionProperties) = preSolution
		HideSolutionNode = FALSE
	EndGlobalSection
	GlobalSection(ExtensibilityGlobals) = postSolution
		SolutionGuid = {F2C10F70-D9D4-4EE5-9A5B-BEF90C4390E8}
	EndGlobalSection
EndGlobal
